<?xml version="1.0" encoding="utf-8"?>
<Project ToolsVersion="4.0" xmlns="http://schemas.microsoft.com/developer/msbuild/2003">
  <ItemGroup>
    <Filter Include="Source Files">
      <UniqueIdentifier>{4FC737F1-C7A5-4376-A066-2A32D752A2FF}</UniqueIdentifier>
      <Extensions>cpp;c;cc;cxx</Extensions>
    </Filter>
    <Filter Include="Source Files\security">
      <UniqueIdentifier>{B1C2D3E4-F5A6-7890-ABCD-EF1234567891}</UniqueIdentifier>
    </Filter>
    <Filter Include="Header Files">
      <UniqueIdentifier>{93995380-89BD-4b04-88EB-625FBE52EBFB}</UniqueIdentifier>
      <Extensions>h;hh;hpp;hxx</Extensions>
    </Filter>
    <Filter Include="Header Files\security">
      <UniqueIdentifier>{C2D3E4F5-A6B7-8901-BCDE-F12345678912}</UniqueIdentifier>
    </Filter>
    <Filter Include="Offsets">
      <UniqueIdentifier>{8B2C1A4E-3D5F-4E6A-9B0C-1D2E3F4A5B6C}</UniqueIdentifier>
    </Filter>
    <Filter Include="ImGui">
      <UniqueIdentifier>{C0FFEE00-1234-5678-9ABC-DEF012345678}</UniqueIdentifier>
    </Filter>
  </ItemGroup>
  <ItemGroup>
    <ClCompile Include="src\main.cpp">
      <Filter>Source Files</Filter>
    </ClCompile>
    <ClCompile Include="src\Memory.cpp">
      <Filter>Source Files</Filter>
    </ClCompile>
    <ClCompile Include="src\Engine.cpp">
      <Filter>Source Files</Filter>
    </ClCompile>
    <ClCompile Include="src\Engine.Globals.cpp">
      <Filter>Source Files</Filter>
    </ClCompile>
    <ClCompile Include="src\Engine.Players.cpp">
      <Filter>Source Files</Filter>
    </ClCompile>
    <ClCompile Include="src\Engine.Actors.cpp">
      <Filter>Source Files</Filter>
    </ClCompile>
    <ClCompile Include="src\Engine.Camera.cpp">
      <Filter>Source Files</Filter>
    </ClCompile>
    <ClCompile Include="src\Engine.Aim.cpp">
      <Filter>Source Files</Filter>
    </ClCompile>
    <ClCompile Include="src\Engine.Movement.cpp">
      <Filter>Source Files</Filter>
    </ClCompile>
    <ClCompile Include="src\Engine.World.cpp">
      <Filter>Source Files</Filter>
    </ClCompile>
    <ClCompile Include="src\Engine.Occlusion.cpp">
      <Filter>Source Files</Filter>
    </ClCompile>
    <ClCompile Include="src\Engine.Desync.cpp">
      <Filter>Source Files</Filter>
    </ClCompile>
    <ClCompile Include="src\Engine.Tracers.cpp">
      <Filter>Source Files</Filter>
    </ClCompile>
    <ClCompile Include="src\EspRenderer.cpp">
      <Filter>Source Files</Filter>
    </ClCompile>
    <ClCompile Include="src\MenuRenderer.cpp">
      <Filter>Source Files</Filter>
    </ClCompile>
    <ClCompile Include="src\Overlay.cpp">
      <Filter>Source Files</Filter>
    </ClCompile>
    <ClCompile Include="src\AutoUpdate.cpp">
      <Filter>Source Files</Filter>
    </ClCompile>
    <ClCompile Include="src\MapParser.cpp">
      <Filter>Source Files</Filter>
    </ClCompile>
    <ClCompile Include="src\security\HwId.cpp">
      <Filter>Source Files\security</Filter>
    </ClCompile>
    <ClCompile Include="src\security\IntegrityMonitor.cpp">
      <Filter>Source Files\security</Filter>
    </ClCompile>
    <ClCompile Include="..\vendor\imgui\imgui.cpp">
      <Filter>ImGui</Filter>
    </ClCompile>
    <ClCompile Include="..\vendor\imgui\imgui_draw.cpp">
      <Filter>ImGui</Filter>
    </ClCompile>
    <ClCompile Include="..\vendor\imgui\imgui_tables.cpp">
      <Filter>ImGui</Filter>
    </ClCompile>
    <ClCompile Include="..\vendor\imgui\imgui_widgets.cpp">
      <Filter>ImGui</Filter>
    </ClCompile>
    <ClCompile Include="..\vendor\imgui\backends\imgui_impl_win32.cpp">
      <Filter>ImGui</Filter>
    </ClCompile>
    <ClCompile Include="..\vendor\imgui\backends\imgui_impl_dx11.cpp">
      <Filter>ImGui</Filter>
    </ClCompile>
  </ItemGroup>
  <ItemGroup>
    <ClInclude Include="include\Memory.hpp">
      <Filter>Header Files</Filter>
    </ClInclude>
    <ClInclude Include="include\Math.hpp">
      <Filter>Header Files</Filter>
    </ClInclude>
    <ClInclude Include="include\Bones.hpp">
      <Filter>Header Files</Filter>
    </ClInclude>
    <ClInclude Include="include\Timer.hpp">
      <Filter>Header Files</Filter>
    </ClInclude>
    <ClInclude Include="include\DoubleBuffer.hpp">
      <Filter>Header Files</Filter>
    </ClInclude>
    <ClInclude Include="include\GameData.hpp">
      <Filter>Header Files</Filter>
    </ClInclude>
    <ClInclude Include="include\Config.hpp">
      <Filter>Header Files</Filter>
    </ClInclude>
    <ClInclude Include="include\ConfigIO.hpp">
      <Filter>Header Files</Filter>
    </ClInclude>
    <ClInclude Include="include\Engine.hpp">
      <Filter>Header Files</Filter>
    </ClInclude>
    <ClInclude Include="include\MapParser.hpp">
      <Filter>Header Files</Filter>
    </ClInclude>
    <ClInclude Include="include\Overlay.hpp">
      <Filter>Header Files</Filter>
    </ClInclude>
    <ClInclude Include="include\AutoUpdate.hpp">
      <Filter>Header Files</Filter>
    </ClInclude>
    <ClInclude Include="include\Notify.hpp">
      <Filter>Header Files</Filter>
    </ClInclude>
    <ClInclude Include="include\SilentAim.hpp">
      <Filter>Header Files</Filter>
    </ClInclude>
    <ClInclude Include="include\Protect.hpp">
      <Filter>Header Files</Filter>
    </ClInclude>
    <ClInclude Include="include\Harden.hpp">
      <Filter>Header Files</Filter>
    </ClInclude>
    <ClInclude Include="include\Fonts.hpp">
      <Filter>Header Files</Filter>
    </ClInclude>
    <ClInclude Include="include\skStr.h">
      <Filter>Header Files</Filter>
    </ClInclude>
    <ClInclude Include="include\ImAddWidgets.hpp">
      <Filter>Header Files</Filter>
    </ClInclude>
    <ClInclude Include="include\security\ProtectorMarkers.hpp">
      <Filter>Header Files\security</Filter>
    </ClInclude>
    <ClInclude Include="include\security\SecureBuffer.hpp">
      <Filter>Header Files\security</Filter>
    </ClInclude>
    <ClInclude Include="include\security\StringVault.hpp">
      <Filter>Header Files\security</Filter>
    </ClInclude>
    <ClInclude Include="include\security\ApiResolver.hpp">
      <Filter>Header Files\security</Filter>
    </ClInclude>
    <ClInclude Include="include\security\HwId.hpp">
      <Filter>Header Files\security</Filter>
    </ClInclude>
    <ClInclude Include="include\security\IntegrityMonitor.hpp">
      <Filter>Header Files\security</Filter>
    </ClInclude>
    <ClInclude Include="include\security\SessionToken.hpp">
      <Filter>Header Files\security</Filter>
    </ClInclude>
    <ClInclude Include="include\security\AntiTamper.hpp">
      <Filter>Header Files\security</Filter>
    </ClInclude>
    <ClInclude Include="include\security\ConfigCrypto.hpp">
      <Filter>Header Files\security</Filter>
    </ClInclude>
    <ClInclude Include="include\security\LicenseGate.hpp">
      <Filter>Header Files\security</Filter>
    </ClInclude>
    <ClInclude Include="include\security\SecurityRuntime.hpp">
      <Filter>Header Files\security</Filter>
    </ClInclude>
    <ClInclude Include="offsets\Offsets.hpp">
      <Filter>Offsets</Filter>
    </ClInclude>
  </ItemGroup>
</Project>
